{
  "name": "gitsetu",
  "version": "1.1.0",
  "lockfileVersion": 3,
  "requires": true,
  "packages": {
    "": {
      "name": "gitsetu",
      "version": "1.1.0",
      "license": "MIT",
      "bin": {
        "git-setu": "bin/gitsetu.js",
        "gitsetu": "bin/gitsetu.js"
      },
      "engines": {
        "node": ">=18.0.0"
      }
    }
  }
}
